version = 1

[[packages]]
name = "lito-qt"
version = "0.1.0"
source = "registry+https://registry.litocpp.org/lito-qt@0.1.0"
checksum = "f18b5cc058cbd875a971263083a5155e1d5560f16a6e78f99c4322be63ed52d4"

[[packages]]
name = "luato"
version = "0.1.0"
source = "git+https://github.com/litocpp/luato.git#aec1ad0e84de8f5060144896cc79b79dbb10605b"
dependencies = [
  "luato-lua",
  "rstd-parse",
  "rstd-std",
]

[[packages]]
name = "luato-lua"
version = "5.5.1"

[[packages.externals]]
name = "lua"
source = "archive+https://www.lua.org/ftp/lua-5.5.1.tar.gz"
checksum = "1c4b4068d67061f2a2231ad2b5422e77acea1487ea9890f6320af614f4373dce"

[[packages]]
name = "ncrequest"
version = "0.1.0"
source = "git+https://github.com/hypengw/ncrequest.git#fbf353f079ea7bc5bcf967c3cb04cbf3f6835139"
dependencies = [
  "rstd-cppstd",
  "rstd-std",
]

[[packages]]
name = "qextra"
version = "0.1.0"
source = "git+https://github.com/hypengw/QExtra.git#98cec17a8576c27fbc39e6d2788926cf676cf1b7"
dependencies = [
  "lito-qt",
  "ncrequest",
  "rstd-cppstd",
  "rstd-std",
]

[[packages]]
name = "rstd-alloc"
version = "0.1.0"
source = "git+https://github.com/litocpp/rstd.git#456fec5cc2b87acdb56800e298b5712ea69cdd47"
dependencies = [
  "rstd-core",
  "rstd-runtime",
]

[[packages]]
name = "rstd-argparse"
version = "0.1.0"
source = "git+https://github.com/litocpp/rstd.git#456fec5cc2b87acdb56800e298b5712ea69cdd47"
dependencies = [
  "rstd-std",
]

[[packages]]
name = "rstd-basic"
version = "0.1.0"
source = "git+https://github.com/litocpp/rstd.git#456fec5cc2b87acdb56800e298b5712ea69cdd47"

[[packages]]
name = "rstd-core"
version = "0.1.0"
source = "git+https://github.com/litocpp/rstd.git#456fec5cc2b87acdb56800e298b5712ea69cdd47"
dependencies = [
  "rstd-basic",
  "rstd-runtime",
]

[[packages]]
name = "rstd-cppstd"
version = "0.1.0"
source = "git+https://github.com/litocpp/rstd.git#456fec5cc2b87acdb56800e298b5712ea69cdd47"
dependencies = [
  "rstd-std",
]

[[packages]]
name = "rstd-dlopn"
version = "0.1.0"
source = "git+https://github.com/litocpp/rstd.git#456fec5cc2b87acdb56800e298b5712ea69cdd47"
dependencies = [
  "rstd-std",
]

[[packages]]
name = "rstd-json"
version = "0.1.0"
source = "git+https://github.com/litocpp/rstd.git#456fec5cc2b87acdb56800e298b5712ea69cdd47"
dependencies = [
  "rstd-core",
  "rstd-parse",
  "rstd-serde",
  "rstd-std",
]

[[packages]]
name = "rstd-log"
version = "0.1.0"
source = "git+https://github.com/litocpp/rstd.git#456fec5cc2b87acdb56800e298b5712ea69cdd47"
dependencies = [
  "rstd-core",
  "rstd-std",
]

[[packages]]
name = "rstd-parse"
version = "0.1.0"
source = "git+https://github.com/litocpp/rstd.git#456fec5cc2b87acdb56800e298b5712ea69cdd47"
dependencies = [
  "rstd-alloc",
  "rstd-core",
]

[[packages]]
name = "rstd-runtime"
version = "0.1.0"
source = "git+https://github.com/litocpp/rstd.git#456fec5cc2b87acdb56800e298b5712ea69cdd47"
dependencies = [
  "rstd-basic",
]

[[packages]]
name = "rstd-serde"
version = "0.1.0"
source = "git+https://github.com/litocpp/rstd.git#456fec5cc2b87acdb56800e298b5712ea69cdd47"
dependencies = [
  "rstd-alloc",
]

[[packages]]
name = "rstd-std"
version = "0.1.0"
source = "git+https://github.com/litocpp/rstd.git#456fec5cc2b87acdb56800e298b5712ea69cdd47"
dependencies = [
  "rstd-alloc",
  "rstd-core",
]

[[packages]]
name = "rstd-toml"
version = "0.1.0"
source = "git+https://github.com/litocpp/rstd.git#456fec5cc2b87acdb56800e298b5712ea69cdd47"
dependencies = [
  "rstd-alloc",
  "rstd-core",
  "rstd-parse",
  "rstd-serde",
]

[[packages]]
name = "vvk"
version = "0.1.0"
source = "git+https://github.com/litocpp/vvk.git#f53d60cc70938d0485802750deeb15d18ba033ea"
dependencies = [
  "rstd-cppstd",
  "rstd-log",
  "rstd-std",
]

[[packages.externals]]
name = "vma"
source = "git+https://github.com/GPUOpen-LibrariesAndSDKs/VulkanMemoryAllocator.git#3aa921224c154a0d2c43912bc88e1c42ce1f7607"

[[packages]]
name = "wavsen"
version = "0.1.0"
source = "git+https://github.com/hypengw/wavsen.git#74506b689d232a7853492271149026239c5709f3"
dependencies = [
  "rstd-core",
  "rstd-cppstd",
  "rstd-dlopn",
  "rstd-log",
  "rstd-std",
  "vvk",
]

[[packages]]
name = "waywallen-bridge"
version = "0.3.8"

[[packages]]
name = "waywallen-i18n"
version = "0.3.8"
dependencies = [
  "luato",
  "rstd-argparse",
  "rstd-std",
  "rstd-toml",
  "waywallen-plugin-i18n",
]

[[packages]]
name = "waywallen-image-plugin"
version = "0.3.8"
dependencies = [
  "rstd-argparse",
  "rstd-cppstd",
  "rstd-json",
  "rstd-log",
  "wavsen",
  "waywallen-plugin-common",
]
runtime-dependencies = [
  "waywallen-bridge",
]

[[packages]]
name = "waywallen-plugin-common"
version = "0.3.8"
dependencies = [
  "rstd-cppstd",
  "rstd-log",
  "vvk",
  "waywallen-bridge",
]

[[packages]]
name = "waywallen-plugin-i18n"
version = "0.3.8"
dependencies = [
  "rstd-std",
]

[[packages]]
name = "waywallen-ui"
version = "0.3.8"
dependencies = [
  "lito-qt",
  "ncrequest",
  "qextra",
  "rstd-cppstd",
  "rstd-std",
  "wavsen",
  "waywallen-plugin-i18n",
]

[[packages.externals]]
name = "qml-material"
source = "git+https://github.com/hypengw/QmlMaterial.git#043c09e290db3a79c3fae04a9beb7e7967c2ad81"

[[packages]]
name = "waywallen-video-plugin"
version = "0.3.8"
dependencies = [
  "rstd-argparse",
  "rstd-cppstd",
  "rstd-json",
  "rstd-log",
  "wavsen",
  "waywallen-plugin-common",
]
runtime-dependencies = [
  "waywallen-bridge",
]

[[packages]]
name = "waywallen-wallhaven-plugin"
version = "0.3.8"
